
Microsoft Visual Studio Solution File, Format Version 12.00
# Visual Studio Version 17
VisualStudioVersion = 17.5.33516.290
MinimumVisualStudioVersion = 10.0.40219.1
Project("{FAE04EC0-301F-11D3-BF4B-00C04F79EFBC}") = "DbClassGenerator", "DbClassGenerator\DbClassGenerator.csproj", "{AA5B9C9E-17F3-474B-8C14-B37432344962}"
EndProject
Global
	GlobalSection(SolutionConfigurationPlatforms) = preSolution
		Debug|Any CPU = Debug|Any CPU
		Release|Any CPU = Release|Any CPU
	EndGlobalSection
	GlobalSection(ProjectConfigurationPlatforms) = postSolution
		{AA5B9C9E-17F3-474B-8C14-B37432344962}.Debug|Any CPU.ActiveCfg = Debug|Any CPU
		{AA5B9C9E-17F3-474B-8C14-B37432344962}.Debug|Any CPU.Build.0 = Debug|Any CPU
		{AA5B9C9E-17F3-474B-8C14-B37432344962}.Release|Any CPU.ActiveCfg = Release|Any CPU
		{AA5B9C9E-17F3-474B-8C14-B37432344962}.Release|Any CPU.Build.0 = Release|Any CPU
	EndGlobalSection
	GlobalSection(SolutionProperties) = preSolution
		HideSolutionNode = FALSE
	EndGlobalSection
	GlobalSection(ExtensibilityGlobals) = postSolution
		SolutionGuid = {A340348E-B1FB-4CFF-B802-85922FB89A7B}
	EndGlobalSection
EndGlobal
